
Microsoft Visual Studio Solution File, Format Version 12.00
# Visual Studio Version 17
VisualStudioVersion = 17.0.32112.339
MinimumVisualStudioVersion = 10.0.40219.1
Project("{9A19103F-16F7-4668-BE54-9A1E7A4F7556}") = "KubeExplorer.Gui", "KubeExplorer.Gui\KubeExplorer.Gui.csproj", "{CD768C73-4728-406C-AEB6-580ED8AF3BDE}"
EndProject
Project("{2150E333-8FDC-42A3-9474-1A3956D46DE8}") = "Docs", "Docs", "{37374242-D844-482C-808D-F02FAC3B66B3}"
	ProjectSection(SolutionItems) = preProject
		readme.md = readme.md
	EndProjectSection
EndProject
Global
	GlobalSection(SolutionConfigurationPlatforms) = preSolution
		Debug|Any CPU = Debug|Any CPU
		Release|Any CPU = Release|Any CPU
	EndGlobalSection
	GlobalSection(ProjectConfigurationPlatforms) = postSolution
		{CD768C73-4728-406C-AEB6-580ED8AF3BDE}.Debug|Any CPU.ActiveCfg = Debug|Any CPU
		{CD768C73-4728-406C-AEB6-580ED8AF3BDE}.Debug|Any CPU.Build.0 = Debug|Any CPU
		{CD768C73-4728-406C-AEB6-580ED8AF3BDE}.Release|Any CPU.ActiveCfg = Release|Any CPU
		{CD768C73-4728-406C-AEB6-580ED8AF3BDE}.Release|Any CPU.Build.0 = Release|Any CPU
	EndGlobalSection
	GlobalSection(SolutionProperties) = preSolution
		HideSolutionNode = FALSE
	EndGlobalSection
	GlobalSection(ExtensibilityGlobals) = postSolution
		SolutionGuid = {1C28CCBD-DA8D-498F-BF53-E5784E30569F}
	EndGlobalSection
EndGlobal
